// !$*UTF8*$!
{
	archiveVersion = 1;
	classes = {
	};
	objectVersion = 50;
	objects = {

/* Begin PBXBuildFile section */
		36302C7B227F029D00252854 /* AppDelegate.swift in Sources */ = {isa = PBXBuildFile; fileRef = 36302C7A227F029D00252854 /* AppDelegate.swift */; };
		36302C7D227F029D00252854 /* ShapeController.swift in Sources */ = {isa = PBXBuildFile; fileRef = 36302C7C227F029D00252854 /* ShapeController.swift */; };
		36302C80227F029D00252854 /* Main.storyboard in Resources */ = {isa = PBXBuildFile; fileRef = 36302C7E227F029D00252854 /* Main.storyboard */; };
		36302C82227F02A100252854 /* Assets.xcassets in Resources */ = {isa = PBXBuildFile; fileRef = 36302C81227F02A100252854 /* Assets.xcassets */; };
		36302C85227F02A100252854 /* LaunchScreen.storyboard in Resources */ = {isa = PBXBuildFile; fileRef = 36302C83227F02A100252854 /* LaunchScreen.storyboard */; };
		36302C90227F02A100252854 /* Rule_30Tests.swift in Sources */ = {isa = PBXBuildFile; fileRef = 36302C8F227F02A100252854 /* Rule_30Tests.swift */; };
		36302C9B227F034100252854 /* Shape.swift in Sources */ = {isa = PBXBuildFile; fileRef = 36302C9A227F034100252854 /* Shape.swift */; };
		36302C9D227F174300252854 /* UIColor+Helper.swift in Sources */ = {isa = PBXBuildFile; fileRef = 36302C9C227F174300252854 /* UIColor+Helper.swift */; };
		365E3DBA2280659A00A34012 /* DirectionRecognizer.swift in Sources */ = {isa = PBXBuildFile; fileRef = 365E3DB92280659A00A34012 /* DirectionRecognizer.swift */; };
/* End PBXBuildFile section */

/* Begin PBXContainerItemProxy section */
		36302C8C227F02A100252854 /* PBXContainerItemProxy */ = {
			isa = PBXContainerItemProxy;
			containerPortal = 36302C6F227F029D00252854 /* Project object */;
			proxyType = 1;
			remoteGlobalIDString = 36302C76227F029D00252854;
			remoteInfo = "Rule 30";
		};
/* End PBXContainerItemProxy section */

/* Begin PBXFileReference section */
		36302C77227F029D00252854 /* Rule 30.app */ = {isa = PBXFileReference; explicitFileType = wrapper.application; includeInIndex = 0; path = "Rule 30.app"; sourceTree = BUILT_PRODUCTS_DIR; };
		36302C7A227F029D00252854 /* AppDelegate.swift */ = {isa = PBXFileReference; lastKnownFileType = sourcecode.swift; path = AppDelegate.swift; sourceTree = "<group>"; };
		36302C7C227F029D00252854 /* ShapeController.swift */ = {isa = PBXFileReference; lastKnownFileType = sourcecode.swift; path = ShapeController.swift; sourceTree = "<group>"; };
		36302C7F227F029D00252854 /* Base */ = {isa = PBXFileReference; lastKnownFileType = file.storyboard; name = Base; path = Base.lproj/Main.storyboard; sourceTree = "<group>"; };
		36302C81227F02A100252854 /* Assets.xcassets */ = {isa = PBXFileReference; lastKnownFileType = folder.assetcatalog; path = Assets.xcassets; sourceTree = "<group>"; };
		36302C84227F02A100252854 /* Base */ = {isa = PBXFileReference; lastKnownFileType = file.storyboard; name = Base; path = Base.lproj/LaunchScreen.storyboard; sourceTree = "<group>"; };
		36302C86227F02A100252854 /* Info.plist */ = {isa = PBXFileReference; lastKnownFileType = text.plist.xml; path = Info.plist; sourceTree = "<group>"; };
		36302C8B227F02A100252854 /* Rule 30Tests.xctest */ = {isa = PBXFileReference; explicitFileType = wrapper.cfbundle; includeInIndex = 0; path = "Rule 30Tests.xctest"; sourceTree = BUILT_PRODUCTS_DIR; };
		36302C8F227F02A100252854 /* Rule_30Tests.swift */ = {isa = PBXFileReference; lastKnownFileType = sourcecode.swift; path = Rule_30Tests.swift; sourceTree = "<group>"; };
		36302C91227F02A100252854 /* Info.plist */ = {isa = PBXFileReference; lastKnownFileType = text.plist.xml; path = Info.plist; sourceTree = "<group>"; };
		36302C9A227F034100252854 /* Shape.swift */ = {isa = PBXFileReference; lastKnownFileType = sourcecode.swift; path = Shape.swift; sourceTree = "<group>"; };
		36302C9C227F174300252854 /* UIColor+Helper.swift */ = {isa = PBXFileReference; lastKnownFileType = sourcecode.swift; path = "UIColor+Helper.swift"; sourceTree = "<group>"; };
		365E3DB92280659A00A34012 /* DirectionRecognizer.swift */ = {isa = PBXFileReference; lastKnownFileType = sourcecode.swift; path = DirectionRecognizer.swift; sourceTree = "<group>"; };
/* End PBXFileReference section */

/* Begin PBXFrameworksBuildPhase section */
		36302C74227F029D00252854 /* Frameworks */ = {
			isa = PBXFrameworksBuildPhase;
			buildActionMask = 2147483647;
			files = (
			);
			runOnlyForDeploymentPostprocessing = 0;
		};
		36302C88227F02A100252854 /* Frameworks */ = {
			isa = PBXFrameworksBuildPhase;
			buildActionMask = 2147483647;
			files = (
			);
			runOnlyForDeploymentPostprocessing = 0;
		};
/* End PBXFrameworksBuildPhase section */

/* Begin PBXGroup section */
		36302C6E227F029D00252854 = {
			isa = PBXGroup;
			children = (
				36302C79227F029D00252854 /* Rule 30 */,
				36302C8E227F02A100252854 /* Rule 30Tests */,
				36302C78227F029D00252854 /* Products */,
			);
			sourceTree = "<group>";
		};
		36302C78227F029D00252854 /* Products */ = {
			isa = PBXGroup;
			children = (
				36302C77227F029D00252854 /* Rule 30.app */,
				36302C8B227F02A100252854 /* Rule 30Tests.xctest */,
			);
			name = Products;
			sourceTree = "<group>";
		};
		36302C79227F029D00252854 /* Rule 30 */ = {
			isa = PBXGroup;
			children = (
				36302C7A227F029D00252854 /* AppDelegate.swift */,
				36302C7C227F029D00252854 /* ShapeController.swift */,
				36302C9C227F174300252854 /* UIColor+Helper.swift */,
				36302C9A227F034100252854 /* Shape.swift */,
				365E3DB92280659A00A34012 /* DirectionRecognizer.swift */,
				36302C7E227F029D00252854 /* Main.storyboard */,
				36302C81227F02A100252854 /* Assets.xcassets */,
				36302C83227F02A100252854 /* LaunchScreen.storyboard */,
				36302C86227F02A100252854 /* Info.plist */,
			);
			path = "Rule 30";
			sourceTree = "<group>";
		};
		36302C8E227F02A100252854 /* Rule 30Tests */ = {
			isa = PBXGroup;
			children = (
				36302C8F227F02A100252854 /* Rule_30Tests.swift */,
				36302C91227F02A100252854 /* Info.plist */,
			);
			path = "Rule 30Tests";
			sourceTree = "<group>";
		};
/* End PBXGroup section */

/* Begin PBXNativeTarget section */
		36302C76227F029D00252854 /* Rule 30 */ = {
			isa = PBXNativeTarget;
			buildConfigurationList = 36302C94227F02A100252854 /* Build configuration list for PBXNativeTarget "Rule 30" */;
			buildPhases = (
				36302C73227F029D00252854 /* Sources */,
				36302C74227F029D00252854 /* Frameworks */,
				36302C75227F029D00252854 /* Resources */,
			);
			buildRules = (
			);
			dependencies = (
			);
			name = "Rule 30";
			productName = "Rule 30";
			productReference = 36302C77227F029D00252854 /* Rule 30.app */;
			productType = "com.apple.product-type.application";
		};
		36302C8A227F02A100252854 /* Rule 30Tests */ = {
			isa = PBXNativeTarget;
			buildConfigurationList = 36302C97227F02A100252854 /* Build configuration list for PBXNativeTarget "Rule 30Tests" */;
			buildPhases = (
				36302C87227F02A100252854 /* Sources */,
				36302C88227F02A100252854 /* Frameworks */,
				36302C89227F02A100252854 /* Resources */,
			);
			buildRules = (
			);
			dependencies = (
				36302C8D227F02A100252854 /* PBXTargetDependency */,
			);
			name = "Rule 30Tests";
			productName = "Rule 30Tests";
			productReference = 36302C8B227F02A100252854 /* Rule 30Tests.xctest */;
			productType = "com.apple.product-type.bundle.unit-test";
		};
/* End PBXNativeTarget section */

/* Begin PBXProject section */
		36302C6F227F029D00252854 /* Project object */ = {
			isa = PBXProject;
			attributes = {
				LastSwiftUpdateCheck = 1020;
				LastUpgradeCheck = 1020;
				ORGANIZATIONNAME = "Luke Regan";
				TargetAttributes = {
					36302C76227F029D00252854 = {
						CreatedOnToolsVersion = 10.2.1;
					};
					36302C8A227F02A100252854 = {
						CreatedOnToolsVersion = 10.2.1;
						TestTargetID = 36302C76227F029D00252854;
					};
				};
			};
			buildConfigurationList = 36302C72227F029D00252854 /* Build configuration list for PBXProject "Rule 30" */;
			compatibilityVersion = "Xcode 9.3";
			developmentRegion = en;
			hasScannedForEncodings = 0;
			knownRegions = (
				en,
				Base,
			);
			mainGroup = 36302C6E227F029D00252854;
			productRefGroup = 36302C78227F029D00252854 /* Products */;
			projectDirPath = "";
			projectRoot = "";
			targets = (
				36302C76227F029D00252854 /* Rule 30 */,
				36302C8A227F02A100252854 /* Rule 30Tests */,
			);
		};
/* End PBXProject section */

/* Begin PBXResourcesBuildPhase section */
		36302C75227F029D00252854 /* Resources */ = {
			isa = PBXResourcesBuildPhase;
			buildActionMask = 2147483647;
			files = (
				36302C85227F02A100252854 /* LaunchScreen.storyboard in Resources */,
				36302C82227F02A100252854 /* Assets.xcassets in Resources */,
				36302C80227F029D00252854 /* Main.storyboard in Resources */,
			);
			runOnlyForDeploymentPostprocessing = 0;
		};
		36302C89227F02A100252854 /* Resources */ = {
			isa = PBXResourcesBuildPhase;
			buildActionMask = 2147483647;
			files = (
			);
			runOnlyForDeploymentPostprocessing = 0;
		};
/* End PBXResourcesBuildPhase section */

/* Begin PBXSourcesBuildPhase section */
		36302C73227F029D00252854 /* Sources */ = {
			isa = PBXSourcesBuildPhase;
			buildActionMask = 2147483647;
			files = (
				365E3DBA2280659A00A34012 /* DirectionRecognizer.swift in Sources */,
				36302C7D227F029D00252854 /* ShapeController.swift in Sources */,
				36302C9B227F034100252854 /* Shape.swift in Sources */,
				36302C7B227F029D00252854 /* AppDelegate.swift in Sources */,
				36302C9D227F174300252854 /* UIColor+Helper.swift in Sources */,
			);
			runOnlyForDeploymentPostprocessing = 0;
		};
		36302C87227F02A100252854 /* Sources */ = {
			isa = PBXSourcesBuildPhase;
			buildActionMask = 2147483647;
			files = (
				36302C90227F02A100252854 /* Rule_30Tests.swift in Sources */,
			);
			runOnlyForDeploymentPostprocessing = 0;
		};
/* End PBXSourcesBuildPhase section */

/* Begin PBXTargetDependency section */
		36302C8D227F02A100252854 /* PBXTargetDependency */ = {
			isa = PBXTargetDependency;
			target = 36302C76227F029D00252854 /* Rule 30 */;
			targetProxy = 36302C8C227F02A100252854 /* PBXContainerItemProxy */;
		};
/* End PBXTargetDependency section */

/* Begin PBXVariantGroup section */
		36302C7E227F029D00252854 /* Main.storyboard */ = {
			isa = PBXVariantGroup;
			children = (
				36302C7F227F029D00252854 /* Base */,
			);
			name = Main.storyboard;
			sourceTree = "<group>";
		};
		36302C83227F02A100252854 /* LaunchScreen.storyboard */ = {
			isa = PBXVariantGroup;
			children = (
				36302C84227F02A100252854 /* Base */,
			);
			name = LaunchScreen.storyboard;
			sourceTree = "<group>";
		};
/* End PBXVariantGroup section */

/* Begin XCBuildConfiguration section */
		36302C92227F02A100252854 /* Debug */ = {
			isa = XCBuildConfiguration;
			buildSettings = {
				ALWAYS_SEARCH_USER_PATHS = NO;
				CLANG_ANALYZER_NONNULL = YES;
				CLANG_ANALYZER_NUMBER_OBJECT_CONVERSION = YES_AGGRESSIVE;
				CLANG_CXX_LANGUAGE_STANDARD = "gnu++14";
				CLANG_CXX_LIBRARY = "libc++";
				CLANG_ENABLE_MODULES = YES;
				CLANG_ENABLE_OBJC_ARC = YES;
				CLANG_ENABLE_OBJC_WEAK = YES;
				CLANG_WARN_BLOCK_CAPTURE_AUTORELEASING = YES;
				CLANG_WARN_BOOL_CONVERSION = YES;
				CLANG_WARN_COMMA = YES;
				CLANG_WARN_CONSTANT_CONVERSION = YES;
				CLANG_WARN_DEPRECATED_OBJC_IMPLEMENTATIONS = YES;
				CLANG_WARN_DIRECT_OBJC_ISA_USAGE = YES_ERROR;
				CLANG_WARN_DOCUMENTATION_COMMENTS = YES;
				CLANG_WARN_EMPTY_BODY = YES;
				CLANG_WARN_ENUM_CONVERSION = YES;
				CLANG_WARN_INFINITE_RECURSION = YES;
				CLANG_WARN_INT_CONVERSION = YES;
				CLANG_WARN_NON_LITERAL_NULL_CONVERSION = YES;
				CLANG_WARN_OBJC_IMPLICIT_RETAIN_SELF = YES;
				CLANG_WARN_OBJC_LITERAL_CONVERSION = YES;
				CLANG_WARN_OBJC_ROOT_CLASS = YES_ERROR;
				CLANG_WARN_RANGE_LOOP_ANALYSIS = YES;
				CLANG_WARN_STRICT_PROTOTYPES = YES;
				CLANG_WARN_SUSPICIOUS_MOVE = YES;
				CLANG_WARN_UNGUARDED_AVAILABILITY = YES_AGGRESSIVE;
				CLANG_WARN_UNREACHABLE_CODE = YES;
				CLANG_WARN__DUPLICATE_METHOD_MATCH = YES;
				CODE_SIGN_IDENTITY = "iPhone Developer";
				COPY_PHASE_STRIP = NO;
				DEBUG_INFORMATION_FORMAT = dwarf;
				ENABLE_STRICT_OBJC_MSGSEND = YES;
				ENABLE_TESTABILITY = YES;
				GCC_C_LANGUAGE_STANDARD = gnu11;
				GCC_DYNAMIC_NO_PIC = NO;
				GCC_NO_COMMON_BLOCKS = YES;
				GCC_OPTIMIZATION_LEVEL = 0;
				GCC_PREPROCESSOR_DEFINITIONS = (
					"DEBUG=1",
					"$(inherited)",
				);
				GCC_WARN_64_TO_32_BIT_CONVERSION = YES;
				GCC_WARN_ABOUT_RETURN_TYPE = YES_ERROR;
				GCC_WARN_UNDECLARED_SELECTOR = YES;
				GCC_WARN_UNINITIALIZED_AUTOS = YES_AGGRESSIVE;
				GCC_WARN_UNUSED_FUNCTION = YES;
				GCC_WARN_UNUSED_VARIABLE = YES;
				IPHONEOS_DEPLOYMENT_TARGET = 12.2;
				MTL_ENABLE_DEBUG_INFO = INCLUDE_SOURCE;
				MTL_FAST_MATH = YES;
				ONLY_ACTIVE_ARCH = YES;
				SDKROOT = iphoneos;
				SWIFT_ACTIVE_COMPILATION_CONDITIONS = DEBUG;
				SWIFT_OPTIMIZATION_LEVEL = "-Onone";
			};
			name = Debug;
		};
		36302C93227F02A100252854 /* Release */ = {
			isa = XCBuildConfiguration;
			buildSettings = {
				ALWAYS_SEARCH_USER_PATHS = NO;
				CLANG_ANALYZER_NONNULL = YES;
				CLANG_ANALYZER_NUMBER_OBJECT_CONVERSION = YES_AGGRESSIVE;
				CLANG_CXX_LANGUAGE_STANDARD = "gnu++14";
				CLANG_CXX_LIBRARY = "libc++";
				CLANG_ENABLE_MODULES = YES;
				CLANG_ENABLE_OBJC_ARC = YES;
				CLANG_ENABLE_OBJC_WEAK = YES;
				CLANG_WARN_BLOCK_CAPTURE_AUTORELEASING = YES;
				CLANG_WARN_BOOL_CONVERSION = YES;
				CLANG_WARN_COMMA = YES;
				CLANG_WARN_CONSTANT_CONVERSION = YES;
				CLANG_WARN_DEPRECATED_OBJC_IMPLEMENTATIONS = YES;
				CLANG_WARN_DIRECT_OBJC_ISA_USAGE = YES_ERROR;
				CLANG_WARN_DOCUMENTATION_COMMENTS = YES;
				CLANG_WARN_EMPTY_BODY = YES;
				CLANG_WARN_ENUM_CONVERSION = YES;
				CLANG_WARN_INFINITE_RECURSION = YES;
				CLANG_WARN_INT_CONVERSION = YES;
				CLANG_WARN_NON_LITERAL_NULL_CONVERSION = YES;
				CLANG_WARN_OBJC_IMPLICIT_RETAIN_SELF = YES;
				CLANG_WARN_OBJC_LITERAL_CONVERSION = YES;
				CLANG_WARN_OBJC_ROOT_CLASS = YES_ERROR;
				CLANG_WARN_RANGE_LOOP_ANALYSIS = YES;
				CLANG_WARN_STRICT_PROTOTYPES = YES;
				CLANG_WARN_SUSPICIOUS_MOVE = YES;
				CLANG_WARN_UNGUARDED_AVAILABILITY = YES_AGGRESSIVE;
				CLANG_WARN_UNREACHABLE_CODE = YES;
				CLANG_WARN__DUPLICATE_METHOD_MATCH = YES;
				CODE_SIGN_IDENTITY = "iPhone Developer";
				COPY_PHASE_STRIP = NO;
				DEBUG_INFORMATION_FORMAT = "dwarf-with-dsym";
				ENABLE_NS_ASSERTIONS = NO;
				ENABLE_STRICT_OBJC_MSGSEND = YES;
				GCC_C_LANGUAGE_STANDARD = gnu11;
				GCC_NO_COMMON_BLOCKS = YES;
				GCC_WARN_64_TO_32_BIT_CONVERSION = YES;
				GCC_WARN_ABOUT_RETURN_TYPE = YES_ERROR;
				GCC_WARN_UNDECLARED_SELECTOR = YES;
				GCC_WARN_UNINITIALIZED_AUTOS = YES_AGGRESSIVE;
				GCC_WARN_UNUSED_FUNCTION = YES;
				GCC_WARN_UNUSED_VARIABLE = YES;
				IPHONEOS_DEPLOYMENT_TARGET = 12.2;
				MTL_ENABLE_DEBUG_INFO = NO;
				MTL_FAST_MATH = YES;
				SDKROOT = iphoneos;
				SWIFT_COMPILATION_MODE = wholemodule;
				SWIFT_OPTIMIZATION_LEVEL = "-O";
				VALIDATE_PRODUCT = YES;
			};
			name = Release;
		};
		36302C95227F02A100252854 /* Debug */ = {
			isa = XCBuildConfiguration;
			buildSettings = {
				ASSETCATALOG_COMPILER_APPICON_NAME = AppIcon;
				CODE_SIGN_STYLE = Automatic;
				DEVELOPMENT_TEAM = 6RKFQT8BWX;
				INFOPLIST_FILE = "Rule 30/Info.plist";
				LD_RUNPATH_SEARCH_PATHS = (
					"$(inherited)",
					"@executable_path/Frameworks",
				);
				PRODUCT_BUNDLE_IDENTIFIER = "com.lukeregan.Rule-30";
				PRODUCT_NAME = "$(TARGET_NAME)";
				SWIFT_VERSION = 5.0;
				TARGETED_DEVICE_FAMILY = "1,2";
			};
			name = Debug;
		};
		36302C96227F02A100252854 /* Release */ = {
			isa = XCBuildConfiguration;
			buildSettings = {
				ASSETCATALOG_COMPILER_APPICON_NAME = AppIcon;
				CODE_SIGN_STYLE = Automatic;
				DEVELOPMENT_TEAM = 6RKFQT8BWX;
				INFOPLIST_FILE = "Rule 30/Info.plist";
				LD_RUNPATH_SEARCH_PATHS = (
					"$(inherited)",
					"@executable_path/Frameworks",
				);
				PRODUCT_BUNDLE_IDENTIFIER = "com.lukeregan.Rule-30";
				PRODUCT_NAME = "$(TARGET_NAME)";
				SWIFT_VERSION = 5.0;
				TARGETED_DEVICE_FAMILY = "1,2";
			};
			name = Release;
		};
		36302C98227F02A100252854 /* Debug */ = {
			isa = XCBuildConfiguration;
			buildSettings = {
				ALWAYS_EMBED_SWIFT_STANDARD_LIBRARIES = YES;
				BUNDLE_LOADER = "$(TEST_HOST)";
				CODE_SIGN_STYLE = Automatic;
				DEVELOPMENT_TEAM = D97F424E5V;
				INFOPLIST_FILE = "Rule 30Tests/Info.plist";
				LD_RUNPATH_SEARCH_PATHS = (
					"$(inherited)",
					"@executable_path/Frameworks",
					"@loader_path/Frameworks",
				);
				PRODUCT_BUNDLE_IDENTIFIER = "com.lukeregan.Rule-30Tests";
				PRODUCT_NAME = "$(TARGET_NAME)";
				SWIFT_VERSION = 5.0;
				TARGETED_DEVICE_FAMILY = "1,2";
				TEST_HOST = "$(BUILT_PRODUCTS_DIR)/Rule 30.app/Rule 30";
			};
			name = Debug;
		};
		36302C99227F02A100252854 /* Release */ = {
			isa = XCBuildConfiguration;
			buildSettings = {
				ALWAYS_EMBED_SWIFT_STANDARD_LIBRARIES = YES;
				BUNDLE_LOADER = "$(TEST_HOST)";
				CODE_SIGN_STYLE = Automatic;
				DEVELOPMENT_TEAM = D97F424E5V;
				INFOPLIST_FILE = "Rule 30Tests/Info.plist";
				LD_RUNPATH_SEARCH_PATHS = (
					"$(inherited)",
					"@executable_path/Frameworks",
					"@loader_path/Frameworks",
				);
				PRODUCT_BUNDLE_IDENTIFIER = "com.lukeregan.Rule-30Tests";
				PRODUCT_NAME = "$(TARGET_NAME)";
				SWIFT_VERSION = 5.0;
				TARGETED_DEVICE_FAMILY = "1,2";
				TEST_HOST = "$(BUILT_PRODUCTS_DIR)/Rule 30.app/Rule 30";
			};
			name = Release;
		};
/* End XCBuildConfiguration section */

/* Begin XCConfigurationList section */
		36302C72227F029D00252854 /* Build configuration list for PBXProject "Rule 30" */ = {
			isa = XCConfigurationList;
			buildConfigurations = (
				36302C92227F02A100252854 /* Debug */,
				36302C93227F02A100252854 /* Release */,
			);
			defaultConfigurationIsVisible = 0;
			defaultConfigurationName = Release;
		};
		36302C94227F02A100252854 /* Build configuration list for PBXNativeTarget "Rule 30" */ = {
			isa = XCConfigurationList;
			buildConfigurations = (
				36302C95227F02A100252854 /* Debug */,
				36302C96227F02A100252854 /* Release */,
			);
			defaultConfigurationIsVisible = 0;
			defaultConfigurationName = Release;
		};
		36302C97227F02A100252854 /* Build configuration list for PBXNativeTarget "Rule 30Tests" */ = {
			isa = XCConfigurationList;
			buildConfigurations = (
				36302C98227F02A100252854 /* Debug */,
				36302C99227F02A100252854 /* Release */,
			);
			defaultConfigurationIsVisible = 0;
			defaultConfigurationName = Release;
		};
/* End XCConfigurationList section */
	};
	rootObject = 36302C6F227F029D00252854 /* Project object */;
}
